
Microsoft Visual Studio Solution File, Format Version 12.00
# Visual Studio Version 17
VisualStudioVersion = 17.12.35527.113
MinimumVisualStudioVersion = 10.0.40219.1
Project("{FAE04EC0-301F-11D3-BF4B-00C04F79EFBC}") = "Tools", "Tools.csproj", "{3BDA241A-E470-449E-8450-64ACD1018C0E}"
EndProject
Project("{FAE04EC0-301F-11D3-BF4B-00C04F79EFBC}") = "ToolsTests", "..\ToolsTests\ToolsTests.csproj", "{E562C43C-5D8C-4F6E-B897-F241D2415066}"
EndProject
Global
	GlobalSection(SolutionConfigurationPlatforms) = preSolution
		Debug|Any CPU = Debug|Any CPU
		Release|Any CPU = Release|Any CPU
	EndGlobalSection
	GlobalSection(ProjectConfigurationPlatforms) = postSolution
		{3BDA241A-E470-449E-8450-64ACD1018C0E}.Debug|Any CPU.ActiveCfg = Debug|Any CPU
		{3BDA241A-E470-449E-8450-64ACD1018C0E}.Debug|Any CPU.Build.0 = Debug|Any CPU
		{3BDA241A-E470-449E-8450-64ACD1018C0E}.Release|Any CPU.ActiveCfg = Release|Any CPU
		{3BDA241A-E470-449E-8450-64ACD1018C0E}.Release|Any CPU.Build.0 = Release|Any CPU
		{E562C43C-5D8C-4F6E-B897-F241D2415066}.Debug|Any CPU.ActiveCfg = Debug|Any CPU
		{E562C43C-5D8C-4F6E-B897-F241D2415066}.Debug|Any CPU.Build.0 = Debug|Any CPU
		{E562C43C-5D8C-4F6E-B897-F241D2415066}.Release|Any CPU.ActiveCfg = Release|Any CPU
		{E562C43C-5D8C-4F6E-B897-F241D2415066}.Release|Any CPU.Build.0 = Release|Any CPU
	EndGlobalSection
	GlobalSection(SolutionProperties) = preSolution
		HideSolutionNode = FALSE
	EndGlobalSection
EndGlobal
